{
  "name": "quotes-processing",
  "version": "1.0.0",
  "lockfileVersion": 1,
  "requires": true,
  "dependencies": {
    "simple-statistics": {
      "version": "7.2.0",
      "resolved": "https://registry.npmjs.org/simple-statistics/-/simple-statistics-7.2.0.tgz",
      "integrity": "sha512-lx8tPifqqXcOYw7yW8uO/c+2p3CCozhxLXebDi2iYH4cTGF3sbnBmVFZzIpb3w1B3bjHvEfewfy0q85MpRM1dg=="
    }
  }
}
